
Microsoft Visual Studio Solution File, Format Version 12.00
# Visual Studio Version 16
VisualStudioVersion = 16.0.30711.63
MinimumVisualStudioVersion = 10.0.40219.1
Project("{FAE04EC0-301F-11D3-BF4B-00C04F79EFBC}") = "WebApplication3", "WebApplication3\WebApplication3.csproj", "{A9FF33EA-FE98-4AAA-B3AD-E8922D35F051}"
EndProject
Global
	GlobalSection(SolutionConfigurationPlatforms) = preSolution
		Debug|Any CPU = Debug|Any CPU
		Release|Any CPU = Release|Any CPU
	EndGlobalSection
	GlobalSection(ProjectConfigurationPlatforms) = postSolution
		{A9FF33EA-FE98-4AAA-B3AD-E8922D35F051}.Debug|Any CPU.ActiveCfg = Debug|Any CPU
		{A9FF33EA-FE98-4AAA-B3AD-E8922D35F051}.Debug|Any CPU.Build.0 = Debug|Any CPU
		{A9FF33EA-FE98-4AAA-B3AD-E8922D35F051}.Release|Any CPU.ActiveCfg = Release|Any CPU
		{A9FF33EA-FE98-4AAA-B3AD-E8922D35F051}.Release|Any CPU.Build.0 = Release|Any CPU
	EndGlobalSection
	GlobalSection(SolutionProperties) = preSolution
		HideSolutionNode = FALSE
	EndGlobalSection
	GlobalSection(ExtensibilityGlobals) = postSolution
		SolutionGuid = {1107088A-7470-464B-B628-F5416B8639DA}
	EndGlobalSection
EndGlobal
